
Microsoft Visual Studio Solution File, Format Version 12.00
# Visual Studio Version 17
VisualStudioVersion = 17.2.32630.192
MinimumVisualStudioVersion = 10.0.40219.1
Project("{FAE04EC0-301F-11D3-BF4B-00C04F79EFBC}") = "ToDoAppAPI", "ToDoAppAPI\ToDoAppAPI.csproj", "{7B08CA25-F8A5-4EB2-B5BA-7EB4C5ABD2DD}"
EndProject
Project("{FAE04EC0-301F-11D3-BF4B-00C04F79EFBC}") = "ToDoAppLibrary", "ToDoAppLibrary\ToDoAppLibrary.csproj", "{97D5E606-80A6-4131-905D-DB5CFEFA1800}"
EndProject
Global
	GlobalSection(SolutionConfigurationPlatforms) = preSolution
		Debug|Any CPU = Debug|Any CPU
		Release|Any CPU = Release|Any CPU
	EndGlobalSection
	GlobalSection(ProjectConfigurationPlatforms) = postSolution
		{7B08CA25-F8A5-4EB2-B5BA-7EB4C5ABD2DD}.Debug|Any CPU.ActiveCfg = Debug|Any CPU
		{7B08CA25-F8A5-4EB2-B5BA-7EB4C5ABD2DD}.Debug|Any CPU.Build.0 = Debug|Any CPU
		{7B08CA25-F8A5-4EB2-B5BA-7EB4C5ABD2DD}.Release|Any CPU.ActiveCfg = Release|Any CPU
		{7B08CA25-F8A5-4EB2-B5BA-7EB4C5ABD2DD}.Release|Any CPU.Build.0 = Release|Any CPU
		{97D5E606-80A6-4131-905D-DB5CFEFA1800}.Debug|Any CPU.ActiveCfg = Debug|Any CPU
		{97D5E606-80A6-4131-905D-DB5CFEFA1800}.Debug|Any CPU.Build.0 = Debug|Any CPU
		{97D5E606-80A6-4131-905D-DB5CFEFA1800}.Release|Any CPU.ActiveCfg = Release|Any CPU
		{97D5E606-80A6-4131-905D-DB5CFEFA1800}.Release|Any CPU.Build.0 = Release|Any CPU
	EndGlobalSection
	GlobalSection(SolutionProperties) = preSolution
		HideSolutionNode = FALSE
	EndGlobalSection
	GlobalSection(ExtensibilityGlobals) = postSolution
		SolutionGuid = {28B5B1C1-8F94-4E8C-89FD-2C9598A3426D}
	EndGlobalSection
EndGlobal
